
Microsoft Visual Studio Solution File, Format Version 12.00
# Visual Studio Version 17
VisualStudioVersion = 17.13.35806.99 d17.13
MinimumVisualStudioVersion = 10.0.40219.1
Project("{FAE04EC0-301F-11D3-BF4B-00C04F79EFBC}") = "Nutriflow", "Nutriflow.csproj", "{857534D9-0AFE-47B7-8DE5-D18909D91608}"
EndProject
Global
	GlobalSection(SolutionConfigurationPlatforms) = preSolution
		Debug|Any CPU = Debug|Any CPU
		Release|Any CPU = Release|Any CPU
	EndGlobalSection
	GlobalSection(ProjectConfigurationPlatforms) = postSolution
		{857534D9-0AFE-47B7-8DE5-D18909D91608}.Debug|Any CPU.ActiveCfg = Debug|Any CPU
		{857534D9-0AFE-47B7-8DE5-D18909D91608}.Debug|Any CPU.Build.0 = Debug|Any CPU
		{857534D9-0AFE-47B7-8DE5-D18909D91608}.Release|Any CPU.ActiveCfg = Release|Any CPU
		{857534D9-0AFE-47B7-8DE5-D18909D91608}.Release|Any CPU.Build.0 = Release|Any CPU
	EndGlobalSection
	GlobalSection(SolutionProperties) = preSolution
		HideSolutionNode = FALSE
	EndGlobalSection
	GlobalSection(ExtensibilityGlobals) = postSolution
		SolutionGuid = {130FADC0-F013-45D0-B39B-7BBD229816D1}
	EndGlobalSection
EndGlobal
